
Microsoft Visual Studio Solution File, Format Version 10.00
# Visual Studio 2008
Project("{FAE04EC0-301F-11D3-BF4B-00C04F79EFBC}") = "SharpManager", "SharpManager\SharpManager.csproj", "{8815F129-50EF-4420-9034-B4C05BDAC42F}"
EndProject
Project("{2150E333-8FDC-42A3-9474-1A3956D46DE8}") = "vendor", "vendor", "{5492EA9C-221A-4B6F-84E6-895731210C86}"
EndProject
Global
	GlobalSection(SolutionConfigurationPlatforms) = preSolution
		Debug|Any CPU = Debug|Any CPU
		Release|Any CPU = Release|Any CPU
	EndGlobalSection
	GlobalSection(ProjectConfigurationPlatforms) = postSolution
		{8815F129-50EF-4420-9034-B4C05BDAC42F}.Debug|Any CPU.ActiveCfg = Debug|Any CPU
		{8815F129-50EF-4420-9034-B4C05BDAC42F}.Debug|Any CPU.Build.0 = Debug|Any CPU
		{8815F129-50EF-4420-9034-B4C05BDAC42F}.Release|Any CPU.ActiveCfg = Release|Any CPU
		{8815F129-50EF-4420-9034-B4C05BDAC42F}.Release|Any CPU.Build.0 = Release|Any CPU
	EndGlobalSection
	GlobalSection(SolutionProperties) = preSolution
		HideSolutionNode = FALSE
	EndGlobalSection
	GlobalSection(ExtensibilityGlobals) = postSolution
		VSCustomBkgrdPaint = False
		VSUseSystemFonts = False
		VSSkinToggleButtons = True
		VSSkinFlatStyles = True
		VSTextShadow = True
		VSToolStripStyle = Mixed
		VSTargetControls = FormsAndControls
		VSStyle = OSX (Tiger).vssf
	EndGlobalSection
EndGlobal
